# DO NOT EDIT MANUALLY - Managed by Fern Replay
version: "1.0"
generations:
  - commit_sha: 719005b979819dd06cb386427dbc13ebb02a2402
    tree_hash: 0ad5a7a7b46c51c248fe4c36cf2c06274d620be5
    timestamp: 2026-08-06T15:22:26.162Z
    cli_version: unknown
    generator_versions: {}
  - commit_sha: f4a11aa9bf2ddabca61a0c086c1bd97b597164bf
    tree_hash: ad3c4d1dce5108d5588bd4dd71c06711337b09d6
    timestamp: 2026-08-18T10:41:08.654Z
    cli_version: unknown
    generator_versions:
      fernapi/fern-go-sdk: 1.44.9
  - commit_sha: f0be58a5ba14777a9f8949129b006ba0d156182c
    tree_hash: 2ed83e7ca405529b34cf68864aa2b272d2836f1f
    timestamp: 2026-09-02T08:55:31.377Z
    cli_version: unknown
    generator_versions:
      fernapi/fern-go-sdk: 1.44.9
current_generation: f0be58a5ba14777a9f8949129b006ba0d156182c
patches: []
