# DO NOT EDIT MANUALLY - Managed by Fern Replay
version: "1.0"
generations:
  - commit_sha: 719005b979819dd06cb386427dbc13ebb02a2402
    tree_hash: 0ad5a7a7b46c51c248fe4c36cf2c06274d620be5
    timestamp: 2026-08-06T15:22:26.162Z
    cli_version: unknown
    generator_versions: {}
current_generation: 719005b979819dd06cb386427dbc13ebb02a2402
patches: []
