---
version: 2
interactions:
    - id: 0
      request:
        proto: HTTP/1.1
        proto_major: 1
        proto_minor: 1
        content_length: 480
        transfer_encoding: []
        trailer: {}
        host: go-auth0-dev.eu.auth0.com
        remote_addr: ""
        request_uri: ""
        body: |
            {"connection":"Username-Password-Authentication","email":"chuck207@example.com","given_name":"Chuck","family_name":"Sanchez","username":"test-user266","nickname":"Chucky","password":"Passwords hide their chuck","user_metadata":{"favourite_attack":"roundhouse_kick"},"verify_email":false,"app_metadata":{"facts":["count_to_infinity_twice","kill_two_stones_with_one_bird","can_hear_sign_language"]},"picture":"https://example-picture-url.jpg","blocked":false,"email_verified":true}
        form: {}
        headers:
            Content-Type:
                - application/json
            User-Agent:
                - Go-Auth0-SDK/latest
        url: https://go-auth0-dev.eu.auth0.com/api/v2/users
        method: POST
      response:
        proto: HTTP/2.0
        proto_major: 2
        proto_minor: 0
        transfer_encoding: []
        trailer: {}
        content_length: 661
        uncompressed: false
        body: '{"blocked":false,"created_at":"2023-01-25T19:00:49.848Z","email":"chuck207@example.com","email_verified":true,"family_name":"Sanchez","given_name":"Chuck","identities":[{"connection":"Username-Password-Authentication","user_id":"63d17c61df1ce171262c7ea8","provider":"auth0","isSocial":false}],"name":"chuck207@example.com","nickname":"Chucky","picture":"https://example-picture-url.jpg","updated_at":"2023-01-25T19:00:49.848Z","user_id":"auth0|63d17c61df1ce171262c7ea8","user_metadata":{"favourite_attack":"roundhouse_kick"},"username":"test-user266","app_metadata":{"facts":["count_to_infinity_twice","kill_two_stones_with_one_bird","can_hear_sign_language"]}}'
        headers:
            Content-Type:
                - application/json; charset=utf-8
        status: 201 Created
        code: 201
        duration: 225.921667ms
    - id: 1
      request:
        proto: HTTP/1.1
        proto_major: 1
        proto_minor: 1
        content_length: 0
        transfer_encoding: []
        trailer: {}
        host: go-auth0-dev.eu.auth0.com
        remote_addr: ""
        request_uri: ""
        body: ""
        form: {}
        headers:
            Content-Type:
                - application/json
            User-Agent:
                - Go-Auth0-SDK/latest
        url: https://go-auth0-dev.eu.auth0.com/api/v2/user-blocks/auth0%7C63d17c61df1ce171262c7ea8
        method: DELETE
      response:
        proto: HTTP/2.0
        proto_major: 2
        proto_minor: 0
        transfer_encoding: []
        trailer: {}
        content_length: 0
        uncompressed: false
        body: ""
        headers:
            Content-Type:
                - application/json; charset=utf-8
        status: 204 No Content
        code: 204
        duration: 108.057875ms
    - id: 2
      request:
        proto: HTTP/1.1
        proto_major: 1
        proto_minor: 1
        content_length: 0
        transfer_encoding: []
        trailer: {}
        host: go-auth0-dev.eu.auth0.com
        remote_addr: ""
        request_uri: ""
        body: ""
        form: {}
        headers:
            Content-Type:
                - application/json
            User-Agent:
                - Go-Auth0-SDK/latest
        url: https://go-auth0-dev.eu.auth0.com/api/v2/users/auth0%7C63d17c61df1ce171262c7ea8
        method: DELETE
      response:
        proto: HTTP/2.0
        proto_major: 2
        proto_minor: 0
        transfer_encoding: []
        trailer: {}
        content_length: 0
        uncompressed: false
        body: ""
        headers:
            Content-Type:
                - application/json; charset=utf-8
        status: 204 No Content
        code: 204
        duration: 123.491541ms
